
Microsoft Visual Studio Solution File, Format Version 12.00
Project("{FAE04EC0-301F-11D3-BF4B-00C04F79EFBC}") = "Test1", "Test1\Test1.csproj", "{018B8AEF-DEAD-4643-911F-A46E552B956A}"
EndProject
Global
	GlobalSection(SolutionConfigurationPlatforms) = preSolution
		Debug|Any CPU = Debug|Any CPU
		Release|Any CPU = Release|Any CPU
	EndGlobalSection
	GlobalSection(ProjectConfigurationPlatforms) = postSolution
		{018B8AEF-DEAD-4643-911F-A46E552B956A}.Debug|Any CPU.ActiveCfg = Debug|Any CPU
		{018B8AEF-DEAD-4643-911F-A46E552B956A}.Debug|Any CPU.Build.0 = Debug|Any CPU
		{018B8AEF-DEAD-4643-911F-A46E552B956A}.Release|Any CPU.ActiveCfg = Release|Any CPU
		{018B8AEF-DEAD-4643-911F-A46E552B956A}.Release|Any CPU.Build.0 = Release|Any CPU
	EndGlobalSection
EndGlobal
